<?xml version="1.0" encoding="utf-8"?>
<Project ToolsVersion="4.0" xmlns="http://schemas.microsoft.com/developer/msbuild/2003">
  <ItemGroup>
    <Filter Include="Source Files">
      <UniqueIdentifier>{629943f7-1273-409f-9703-30f63159eeba}</UniqueIdentifier>
      <Extensions>cpp;c;cxx;rc;def;r;odl;idl;hpj;bat</Extensions>
    </Filter>
    <Filter Include="Header Files">
      <UniqueIdentifier>{e53959e5-f773-4ac6-a75c-3cafd9bc1e5d}</UniqueIdentifier>
      <Extensions>h;hpp;hxx;hm;inl</Extensions>
    </Filter>
    <Filter Include="Resource Files">
      <UniqueIdentifier>{17104bfc-7abc-45aa-a820-5097723a99b5}</UniqueIdentifier>
      <Extensions>ico;cur;bmp;dlg;rc2;rct;bin;rgs;gif;jpg;jpeg;jpe</Extensions>
    </Filter>
  </ItemGroup>
  <ItemGroup>
    <ClCompile Include="StdAfx.cpp">
      <Filter>Source Files</Filter>
    </ClCompile>
    <ClCompile Include="TGdi.cpp">
      <Filter>Source Files</Filter>
    </ClCompile>
    <ClCompile Include="win32gdi.cpp">
      <Filter>Source Files</Filter>
    </ClCompile>
    <ClCompile Include="win32gdip.cpp">
      <Filter>Source Files</Filter>
    </ClCompile>
    <ClCompile Include="WinGdi.cpp">
      <Filter>Source Files</Filter>
    </ClCompile>
    <ClCompile Include="WinGdip.cpp">
      <Filter>Source Files</Filter>
    </ClCompile>
  </ItemGroup>
  <ItemGroup>
    <Midl Include="TGdi.idl">
      <Filter>Source Files</Filter>
    </Midl>
  </ItemGroup>
  <ItemGroup>
    <ResourceCompile Include="TGdi.rc">
      <Filter>Source Files</Filter>
    </ResourceCompile>
  </ItemGroup>
  <ItemGroup>
    <ClInclude Include="Resource.h">
      <Filter>Header Files</Filter>
    </ClInclude>
    <ClInclude Include="StdAfx.h">
      <Filter>Header Files</Filter>
    </ClInclude>
    <ClInclude Include="win32gdi.h">
      <Filter>Header Files</Filter>
    </ClInclude>
    <ClInclude Include="win32gdip.h">
      <Filter>Header Files</Filter>
    </ClInclude>
    <ClInclude Include="WinGdi.h">
      <Filter>Header Files</Filter>
    </ClInclude>
    <ClInclude Include="WinGdip.h">
      <Filter>Header Files</Filter>
    </ClInclude>
  </ItemGroup>
  <ItemGroup>
    <CustomBuild Include="TGdi.def">
      <Filter>Source Files</Filter>
    </CustomBuild>
    <CustomBuild Include="WinGdi.rgs">
      <Filter>Resource Files</Filter>
    </CustomBuild>
    <CustomBuild Include="WinGdip.rgs">
      <Filter>Resource Files</Filter>
    </CustomBuild>
  </ItemGroup>
</Project>